
Microsoft Visual Studio Solution File, Format Version 12.00
# Visual Studio Version 17
VisualStudioVersion = 17.8.34511.84
MinimumVisualStudioVersion = 10.0.40219.1
Project("{FAE04EC0-301F-11D3-BF4B-00C04F79EFBC}") = "Working with LINQ Method Syntax", "Working with LINQ Method Syntax.csproj", "{3ECD64A4-343E-41A9-BE69-B3A8D19953E0}"
EndProject
Global
	GlobalSection(SolutionConfigurationPlatforms) = preSolution
		Debug|Any CPU = Debug|Any CPU
		Release|Any CPU = Release|Any CPU
	EndGlobalSection
	GlobalSection(ProjectConfigurationPlatforms) = postSolution
		{3ECD64A4-343E-41A9-BE69-B3A8D19953E0}.Debug|Any CPU.ActiveCfg = Debug|Any CPU
		{3ECD64A4-343E-41A9-BE69-B3A8D19953E0}.Debug|Any CPU.Build.0 = Debug|Any CPU
		{3ECD64A4-343E-41A9-BE69-B3A8D19953E0}.Release|Any CPU.ActiveCfg = Release|Any CPU
		{3ECD64A4-343E-41A9-BE69-B3A8D19953E0}.Release|Any CPU.Build.0 = Release|Any CPU
	EndGlobalSection
	GlobalSection(SolutionProperties) = preSolution
		HideSolutionNode = FALSE
	EndGlobalSection
	GlobalSection(ExtensibilityGlobals) = postSolution
		SolutionGuid = {C59D50A9-59D9-44A9-AF0F-E4CADA005A41}
	EndGlobalSection
EndGlobal
